
Microsoft Visual Studio Solution File, Format Version 12.00
# Visual Studio Version 17
VisualStudioVersion = 17.1.32210.238
MinimumVisualStudioVersion = 10.0.40219.1
Project("{FAE04EC0-301F-11D3-BF4B-00C04F79EFBC}") = "Projekt_aflevering", "Projekt_aflevering\Projekt_aflevering.csproj", "{F8D2CBC3-5569-4B77-80EA-512E72D5D04D}"
EndProject
Global
	GlobalSection(SolutionConfigurationPlatforms) = preSolution
		Debug|Any CPU = Debug|Any CPU
		Release|Any CPU = Release|Any CPU
	EndGlobalSection
	GlobalSection(ProjectConfigurationPlatforms) = postSolution
		{F8D2CBC3-5569-4B77-80EA-512E72D5D04D}.Debug|Any CPU.ActiveCfg = Debug|Any CPU
		{F8D2CBC3-5569-4B77-80EA-512E72D5D04D}.Debug|Any CPU.Build.0 = Debug|Any CPU
		{F8D2CBC3-5569-4B77-80EA-512E72D5D04D}.Release|Any CPU.ActiveCfg = Release|Any CPU
		{F8D2CBC3-5569-4B77-80EA-512E72D5D04D}.Release|Any CPU.Build.0 = Release|Any CPU
	EndGlobalSection
	GlobalSection(SolutionProperties) = preSolution
		HideSolutionNode = FALSE
	EndGlobalSection
	GlobalSection(ExtensibilityGlobals) = postSolution
		SolutionGuid = {AF9954DB-921E-468A-8EB3-C63A45B4F324}
	EndGlobalSection
EndGlobal
